
Microsoft Visual Studio Solution File, Format Version 12.00
# Visual Studio Version 17
VisualStudioVersion = 17.4.33110.190
MinimumVisualStudioVersion = 10.0.40219.1
Project("{9A19103F-16F7-4668-BE54-9A1E7A4F7556}") = "WebApplication1", "WebApplication1.csproj", "{B7B9F0CA-FBA0-41DD-9A72-FBA58E289E45}"
EndProject
Project("{9A19103F-16F7-4668-BE54-9A1E7A4F7556}") = "Model", "..\Model\Model.csproj", "{3B408205-D105-40C0-9459-4DBD0F80B69D}"
EndProject
Project("{9A19103F-16F7-4668-BE54-9A1E7A4F7556}") = "DataAccessLayer", "..\DataAccessLayer\DataAccessLayer.csproj", "{FFF06F8F-48D3-445C-8E84-7A63E3C4CF28}"
EndProject
Project("{FAE04EC0-301F-11D3-BF4B-00C04F79EFBC}") = "BLL", "..\BLL\BLL.csproj", "{D3471B31-BBC4-46CB-97C9-CE47FDDEE5C2}"
EndProject
Global
	GlobalSection(SolutionConfigurationPlatforms) = preSolution
		Debug|Any CPU = Debug|Any CPU
		Release|Any CPU = Release|Any CPU
	EndGlobalSection
	GlobalSection(ProjectConfigurationPlatforms) = postSolution
		{B7B9F0CA-FBA0-41DD-9A72-FBA58E289E45}.Debug|Any CPU.ActiveCfg = Debug|Any CPU
		{B7B9F0CA-FBA0-41DD-9A72-FBA58E289E45}.Debug|Any CPU.Build.0 = Debug|Any CPU
		{B7B9F0CA-FBA0-41DD-9A72-FBA58E289E45}.Release|Any CPU.ActiveCfg = Release|Any CPU
		{B7B9F0CA-FBA0-41DD-9A72-FBA58E289E45}.Release|Any CPU.Build.0 = Release|Any CPU
		{3B408205-D105-40C0-9459-4DBD0F80B69D}.Debug|Any CPU.ActiveCfg = Debug|Any CPU
		{3B408205-D105-40C0-9459-4DBD0F80B69D}.Debug|Any CPU.Build.0 = Debug|Any CPU
		{3B408205-D105-40C0-9459-4DBD0F80B69D}.Release|Any CPU.ActiveCfg = Release|Any CPU
		{3B408205-D105-40C0-9459-4DBD0F80B69D}.Release|Any CPU.Build.0 = Release|Any CPU
		{FFF06F8F-48D3-445C-8E84-7A63E3C4CF28}.Debug|Any CPU.ActiveCfg = Debug|Any CPU
		{FFF06F8F-48D3-445C-8E84-7A63E3C4CF28}.Debug|Any CPU.Build.0 = Debug|Any CPU
		{FFF06F8F-48D3-445C-8E84-7A63E3C4CF28}.Release|Any CPU.ActiveCfg = Release|Any CPU
		{FFF06F8F-48D3-445C-8E84-7A63E3C4CF28}.Release|Any CPU.Build.0 = Release|Any CPU
		{D3471B31-BBC4-46CB-97C9-CE47FDDEE5C2}.Debug|Any CPU.ActiveCfg = Debug|Any CPU
		{D3471B31-BBC4-46CB-97C9-CE47FDDEE5C2}.Debug|Any CPU.Build.0 = Debug|Any CPU
		{D3471B31-BBC4-46CB-97C9-CE47FDDEE5C2}.Release|Any CPU.ActiveCfg = Release|Any CPU
		{D3471B31-BBC4-46CB-97C9-CE47FDDEE5C2}.Release|Any CPU.Build.0 = Release|Any CPU
	EndGlobalSection
	GlobalSection(SolutionProperties) = preSolution
		HideSolutionNode = FALSE
	EndGlobalSection
	GlobalSection(ExtensibilityGlobals) = postSolution
		SolutionGuid = {11AE2D2F-71F1-4E22-8DD7-C7BB8796D018}
	EndGlobalSection
EndGlobal
